
Microsoft Visual Studio Solution File, Format Version 12.00
# Visual Studio Version 16
VisualStudioVersion = 16.0.31019.35
MinimumVisualStudioVersion = 10.0.40219.1
Project("{9A19103F-16F7-4668-BE54-9A1E7A4F7556}") = "Bem.TratamentoImagem", "Bem.TratamentoImagem\Bem.TratamentoImagem.csproj", "{B2291368-2637-477F-B6A5-FA86A66BDE8C}"
EndProject
Project("{FAE04EC0-301F-11D3-BF4B-00C04F79EFBC}") = "TestesDLL", "TestesDLL\TestesDLL.csproj", "{6FA35AEE-B690-4AB1-8F9C-0A1E943A6050}"
EndProject
Global
	GlobalSection(SolutionConfigurationPlatforms) = preSolution
		Debug|Any CPU = Debug|Any CPU
		Release|Any CPU = Release|Any CPU
	EndGlobalSection
	GlobalSection(ProjectConfigurationPlatforms) = postSolution
		{B2291368-2637-477F-B6A5-FA86A66BDE8C}.Debug|Any CPU.ActiveCfg = Debug|Any CPU
		{B2291368-2637-477F-B6A5-FA86A66BDE8C}.Debug|Any CPU.Build.0 = Debug|Any CPU
		{B2291368-2637-477F-B6A5-FA86A66BDE8C}.Release|Any CPU.ActiveCfg = Release|Any CPU
		{B2291368-2637-477F-B6A5-FA86A66BDE8C}.Release|Any CPU.Build.0 = Release|Any CPU
		{6FA35AEE-B690-4AB1-8F9C-0A1E943A6050}.Debug|Any CPU.ActiveCfg = Debug|Any CPU
		{6FA35AEE-B690-4AB1-8F9C-0A1E943A6050}.Debug|Any CPU.Build.0 = Debug|Any CPU
		{6FA35AEE-B690-4AB1-8F9C-0A1E943A6050}.Release|Any CPU.ActiveCfg = Release|Any CPU
		{6FA35AEE-B690-4AB1-8F9C-0A1E943A6050}.Release|Any CPU.Build.0 = Release|Any CPU
	EndGlobalSection
	GlobalSection(SolutionProperties) = preSolution
		HideSolutionNode = FALSE
	EndGlobalSection
	GlobalSection(ExtensibilityGlobals) = postSolution
		SolutionGuid = {372D918D-71DE-4A6E-955D-13250868F7BE}
	EndGlobalSection
EndGlobal
